<?xml version="1.0" encoding="utf-8"?>
<Project ToolsVersion="4.0" xmlns="http://schemas.microsoft.com/developer/msbuild/2003">
  <ItemGroup>
    <Filter Include="Source Files">
      <UniqueIdentifier>{4FC737F1-C7A5-4376-A066-2A32D752A2FF}</UniqueIdentifier>
      <Extensions>cpp;c;cc;cxx;def;odl;idl;hpj;bat;asm;asmx</Extensions>
    </Filter>
    <Filter Include="Header Files">
      <UniqueIdentifier>{93995380-89BD-4b04-88EB-625FBE52EBFB}</UniqueIdentifier>
      <Extensions>h;hh;hpp;hxx;hm;inl;inc;xsd</Extensions>
    </Filter>
    <Filter Include="Resource Files">
      <UniqueIdentifier>{67DA6AB6-F800-4c08-8B7A-83BB121AAD01}</UniqueIdentifier>
      <Extensions>rc;ico;cur;bmp;dlg;rc2;rct;bin;rgs;gif;jpg;jpeg;jpe;resx;tiff;tif;png;wav;mfcribbon-ms</Extensions>
    </Filter>
    <Filter Include="Source Files\cuda">
      <UniqueIdentifier>{ec885efa-8714-44be-98c9-591dcad4beb0}</UniqueIdentifier>
    </Filter>
    <Filter Include="Source Files\data">
      <UniqueIdentifier>{12003f88-0a22-4880-98f2-e7f675222f95}</UniqueIdentifier>
    </Filter>
    <Filter Include="Source Files\ltmp">
      <UniqueIdentifier>{f2189247-7031-4b3d-92d2-21acb9c31dcf}</UniqueIdentifier>
    </Filter>
    <Filter Include="Source Files\main">
      <UniqueIdentifier>{c32dff69-d3c3-4ad1-aba8-3358bd87de67}</UniqueIdentifier>
    </Filter>
    <Filter Include="Source Files\mpi">
      <UniqueIdentifier>{df5452f9-9bf7-43af-af93-7131f29d83b5}</UniqueIdentifier>
    </Filter>
    <Filter Include="Source Files\program">
      <UniqueIdentifier>{27adfb55-b2f9-4b89-9d0b-52fb8732a553}</UniqueIdentifier>
    </Filter>
    <Filter Include="Source Files\qvoronoi">
      <UniqueIdentifier>{e714134f-3123-4c31-98d0-fcd3aa19681a}</UniqueIdentifier>
    </Filter>
    <Filter Include="Source Files\random">
      <UniqueIdentifier>{c4194d7f-893f-495d-b4bb-c4b44123e05c}</UniqueIdentifier>
    </Filter>
    <Filter Include="Source Files\simulate">
      <UniqueIdentifier>{eb2b995a-027f-499d-9810-779612d3e063}</UniqueIdentifier>
    </Filter>
    <Filter Include="Source Files\statistics">
      <UniqueIdentifier>{cfe9341c-1064-4d62-aa92-1866b8d50b03}</UniqueIdentifier>
    </Filter>
    <Filter Include="Source Files\create">
      <UniqueIdentifier>{1fe88199-b5e8-4768-bcd6-5d68393e27e2}</UniqueIdentifier>
    </Filter>
    <Filter Include="Source Files\utility">
      <UniqueIdentifier>{d143e75a-6106-4d21-9128-fd0c20f3f288}</UniqueIdentifier>
    </Filter>
  </ItemGroup>
  <ItemGroup>
    <ClCompile Include="src\create\create_system2.cpp">
      <Filter>Source Files\create</Filter>
    </ClCompile>
    <ClCompile Include="src\create\cs_create_crystal_structure2.cpp">
      <Filter>Source Files\create</Filter>
    </ClCompile>
    <ClCompile Include="src\create\cs_create_neighbour_list2.cpp">
      <Filter>Source Files\create</Filter>
    </ClCompile>
    <ClCompile Include="src\create\cs_create_system_type2.cpp">
      <Filter>Source Files\create</Filter>
    </ClCompile>
    <ClCompile Include="src\create\cs_particle_shapes.cpp">
      <Filter>Source Files\create</Filter>
    </ClCompile>
    <ClCompile Include="src\create\cs_set_atom_vars2.cpp">
      <Filter>Source Files\create</Filter>
    </ClCompile>
    <ClCompile Include="src\create\cs_voronoi2.cpp">
      <Filter>Source Files\create</Filter>
    </ClCompile>
    <ClCompile Include="src\create\multilayers.cpp">
      <Filter>Source Files\create</Filter>
    </ClCompile>
    <ClCompile Include="src\data\atoms.cpp">
      <Filter>Source Files\data</Filter>
    </ClCompile>
    <ClCompile Include="src\data\category.cpp">
      <Filter>Source Files\data</Filter>
    </ClCompile>
    <ClCompile Include="src\data\cells.cpp">
      <Filter>Source Files\data</Filter>
    </ClCompile>
    <ClCompile Include="src\data\grains.cpp">
      <Filter>Source Files\data</Filter>
    </ClCompile>
    <ClCompile Include="src\data\lattice_anisotropy.cpp">
      <Filter>Source Files\data</Filter>
    </ClCompile>
    <ClCompile Include="src\ltmp\absorption_profile.cpp">
      <Filter>Source Files\ltmp</Filter>
    </ClCompile>
    <ClCompile Include="src\ltmp\data.cpp">
      <Filter>Source Files\ltmp</Filter>
    </ClCompile>
    <ClCompile Include="src\ltmp\field.cpp">
      <Filter>Source Files\ltmp</Filter>
    </ClCompile>
    <ClCompile Include="src\ltmp\initialise.cpp">
      <Filter>Source Files\ltmp</Filter>
    </ClCompile>
    <ClCompile Include="src\ltmp\interface.cpp">
      <Filter>Source Files\ltmp</Filter>
    </ClCompile>
    <ClCompile Include="src\ltmp\is_enabled.cpp">
      <Filter>Source Files\ltmp</Filter>
    </ClCompile>
    <ClCompile Include="src\ltmp\local_temperature.cpp">
      <Filter>Source Files\ltmp</Filter>
    </ClCompile>
    <ClCompile Include="src\ltmp\output.cpp">
      <Filter>Source Files\ltmp</Filter>
    </ClCompile>
    <ClCompile Include="src\main\initialise_variables.cpp">
      <Filter>Source Files\main</Filter>
    </ClCompile>
    <ClCompile Include="src\main\main.cpp">
      <Filter>Source Files\main</Filter>
    </ClCompile>
    <ClCompile Include="src\main\material.cpp">
      <Filter>Source Files\main</Filter>
    </ClCompile>
    <ClCompile Include="src\mpi\LLGHeun-mpi.cpp">
      <Filter>Source Files\mpi</Filter>
    </ClCompile>
    <ClCompile Include="src\mpi\LLGMidpoint-mpi.cpp">
      <Filter>Source Files\mpi</Filter>
    </ClCompile>
    <ClCompile Include="src\mpi\mpi_comms.cpp">
      <Filter>Source Files\mpi</Filter>
    </ClCompile>
    <ClCompile Include="src\mpi\mpi_create2.cpp">
      <Filter>Source Files\mpi</Filter>
    </ClCompile>
    <ClCompile Include="src\mpi\mpi_generic.cpp">
      <Filter>Source Files\mpi</Filter>
    </ClCompile>
    <ClCompile Include="src\program\bmark.cpp">
      <Filter>Source Files\program</Filter>
    </ClCompile>
    <ClCompile Include="src\program\cmc_anisotropy.cpp">
      <Filter>Source Files\program</Filter>
    </ClCompile>
    <ClCompile Include="src\program\curie_temperature.cpp">
      <Filter>Source Files\program</Filter>
    </ClCompile>
    <ClCompile Include="src\program\diagnostics.cpp">
      <Filter>Source Files\program</Filter>
    </ClCompile>
    <ClCompile Include="src\program\effective_damping.cpp">
      <Filter>Source Files\program</Filter>
    </ClCompile>
    <ClCompile Include="src\program\field_cool.cpp">
      <Filter>Source Files\program</Filter>
    </ClCompile>
    <ClCompile Include="src\program\hamr.cpp">
      <Filter>Source Files\program</Filter>
    </ClCompile>
    <ClCompile Include="src\program\hybrid_cmc.cpp">
      <Filter>Source Files\program</Filter>
    </ClCompile>
    <ClCompile Include="src\program\hysteresis.cpp">
      <Filter>Source Files\program</Filter>
    </ClCompile>
    <ClCompile Include="src\program\lagrange.cpp">
      <Filter>Source Files\program</Filter>
    </ClCompile>
    <ClCompile Include="src\program\LLB_Boltzmann.cpp">
      <Filter>Source Files\program</Filter>
    </ClCompile>
    <ClCompile Include="src\program\localised_temperature_pulse.cpp">
      <Filter>Source Files\program</Filter>
    </ClCompile>
    <ClCompile Include="src\program\partial_hysteresis.cpp">
      <Filter>Source Files\program</Filter>
    </ClCompile>
    <ClCompile Include="src\program\static_hysteresis.cpp">
      <Filter>Source Files\program</Filter>
    </ClCompile>
    <ClCompile Include="src\program\temperature_pulse.cpp">
      <Filter>Source Files\program</Filter>
    </ClCompile>
    <ClCompile Include="src\program\time_series.cpp">
      <Filter>Source Files\program</Filter>
    </ClCompile>
    <ClCompile Include="src\qvoronoi\geom.cpp">
      <Filter>Source Files\qvoronoi</Filter>
    </ClCompile>
    <ClCompile Include="src\qvoronoi\geom2.cpp">
      <Filter>Source Files\qvoronoi</Filter>
    </ClCompile>
    <ClCompile Include="src\qvoronoi\global.cpp">
      <Filter>Source Files\qvoronoi</Filter>
    </ClCompile>
    <ClCompile Include="src\qvoronoi\io.cpp">
      <Filter>Source Files\qvoronoi</Filter>
    </ClCompile>
    <ClCompile Include="src\qvoronoi\libqhull.cpp">
      <Filter>Source Files\qvoronoi</Filter>
    </ClCompile>
    <ClCompile Include="src\qvoronoi\mem.cpp">
      <Filter>Source Files\qvoronoi</Filter>
    </ClCompile>
    <ClCompile Include="src\qvoronoi\merge.cpp">
      <Filter>Source Files\qvoronoi</Filter>
    </ClCompile>
    <ClCompile Include="src\qvoronoi\poly.cpp">
      <Filter>Source Files\qvoronoi</Filter>
    </ClCompile>
    <ClCompile Include="src\qvoronoi\poly2.cpp">
      <Filter>Source Files\qvoronoi</Filter>
    </ClCompile>
    <ClCompile Include="src\qvoronoi\qhrandom.cpp">
      <Filter>Source Files\qvoronoi</Filter>
    </ClCompile>
    <ClCompile Include="src\qvoronoi\qset.cpp">
      <Filter>Source Files\qvoronoi</Filter>
    </ClCompile>
    <ClCompile Include="src\qvoronoi\qvoronoi.cpp">
      <Filter>Source Files\qvoronoi</Filter>
    </ClCompile>
    <ClCompile Include="src\qvoronoi\rboxlib.cpp">
      <Filter>Source Files\qvoronoi</Filter>
    </ClCompile>
    <ClCompile Include="src\qvoronoi\stat.cpp">
      <Filter>Source Files\qvoronoi</Filter>
    </ClCompile>
    <ClCompile Include="src\qvoronoi\user.cpp">
      <Filter>Source Files\qvoronoi</Filter>
    </ClCompile>
    <ClCompile Include="src\qvoronoi\usermem.cpp">
      <Filter>Source Files\qvoronoi</Filter>
    </ClCompile>
    <ClCompile Include="src\qvoronoi\userprintf.cpp">
      <Filter>Source Files\qvoronoi</Filter>
    </ClCompile>
    <ClCompile Include="src\qvoronoi\userprintf_rbox.cpp">
      <Filter>Source Files\qvoronoi</Filter>
    </ClCompile>
    <ClCompile Include="src\random\mtrand.cpp">
      <Filter>Source Files\random</Filter>
    </ClCompile>
    <ClCompile Include="src\random\random.cpp">
      <Filter>Source Files\random</Filter>
    </ClCompile>
    <ClCompile Include="src\simulate\cmc.cpp">
      <Filter>Source Files\simulate</Filter>
    </ClCompile>
    <ClCompile Include="src\simulate\cmc_mc.cpp">
      <Filter>Source Files\simulate</Filter>
    </ClCompile>
    <ClCompile Include="src\simulate\demag.cpp">
      <Filter>Source Files\simulate</Filter>
    </ClCompile>
    <ClCompile Include="src\simulate\energy.cpp">
      <Filter>Source Files\simulate</Filter>
    </ClCompile>
    <ClCompile Include="src\simulate\fields.cpp">
      <Filter>Source Files\simulate</Filter>
    </ClCompile>
    <ClCompile Include="src\simulate\LLB.cpp">
      <Filter>Source Files\simulate</Filter>
    </ClCompile>
    <ClCompile Include="src\simulate\LLGHeun.cpp">
      <Filter>Source Files\simulate</Filter>
    </ClCompile>
    <ClCompile Include="src\simulate\LLGMidpoint.cpp">
      <Filter>Source Files\simulate</Filter>
    </ClCompile>
    <ClCompile Include="src\simulate\mc.cpp">
      <Filter>Source Files\simulate</Filter>
    </ClCompile>
    <ClCompile Include="src\simulate\mc_moves.cpp">
      <Filter>Source Files\simulate</Filter>
    </ClCompile>
    <ClCompile Include="src\simulate\sim.cpp">
      <Filter>Source Files\simulate</Filter>
    </ClCompile>
    <ClCompile Include="src\simulate\standard_programs.cpp">
      <Filter>Source Files\simulate</Filter>
    </ClCompile>
    <ClCompile Include="src\statistics\data.cpp">
      <Filter>Source Files\statistics</Filter>
    </ClCompile>
    <ClCompile Include="src\statistics\initialize.cpp">
      <Filter>Source Files\statistics</Filter>
    </ClCompile>
    <ClCompile Include="src\statistics\magnetization.cpp">
      <Filter>Source Files\statistics</Filter>
    </ClCompile>
    <ClCompile Include="src\statistics\statistics.cpp">
      <Filter>Source Files\statistics</Filter>
    </ClCompile>
    <ClCompile Include="src\statistics\susceptibility.cpp">
      <Filter>Source Files\statistics</Filter>
    </ClCompile>
    <ClCompile Include="src\utility\checkpoint.cpp">
      <Filter>Source Files\utility</Filter>
    </ClCompile>
    <ClCompile Include="src\utility\errors.cpp">
      <Filter>Source Files\utility</Filter>
    </ClCompile>
    <ClCompile Include="src\utility\statistics.cpp">
      <Filter>Source Files\utility</Filter>
    </ClCompile>
    <ClCompile Include="src\utility\units.cpp">
      <Filter>Source Files\utility</Filter>
    </ClCompile>
    <ClCompile Include="src\utility\vconfig.cpp">
      <Filter>Source Files\utility</Filter>
    </ClCompile>
    <ClCompile Include="src\utility\vio.cpp">
      <Filter>Source Files\utility</Filter>
    </ClCompile>
    <ClCompile Include="src\utility\vmath.cpp">
      <Filter>Source Files\utility</Filter>
    </ClCompile>
  </ItemGroup>
  <ItemGroup>
    <ClInclude Include="..\..\hdr\atoms.hpp">
      <Filter>Header Files</Filter>
    </ClInclude>
    <ClInclude Include="..\..\hdr\category.hpp">
      <Filter>Header Files</Filter>
    </ClInclude>
    <ClInclude Include="..\..\hdr\cells.hpp">
      <Filter>Header Files</Filter>
    </ClInclude>
    <ClInclude Include="..\..\hdr\create.hpp">
      <Filter>Header Files</Filter>
    </ClInclude>
    <ClInclude Include="..\..\hdr\demag.hpp">
      <Filter>Header Files</Filter>
    </ClInclude>
    <ClInclude Include="..\..\hdr\errors.hpp">
      <Filter>Header Files</Filter>
    </ClInclude>
    <ClInclude Include="..\..\hdr\grains.hpp">
      <Filter>Header Files</Filter>
    </ClInclude>
    <ClInclude Include="..\..\hdr\LLG.hpp">
      <Filter>Header Files</Filter>
    </ClInclude>
    <ClInclude Include="..\..\hdr\ltmp.hpp">
      <Filter>Header Files</Filter>
    </ClInclude>
    <ClInclude Include="..\..\hdr\material.hpp">
      <Filter>Header Files</Filter>
    </ClInclude>
    <ClInclude Include="..\..\hdr\mtrand.hpp">
      <Filter>Header Files</Filter>
    </ClInclude>
    <ClInclude Include="..\..\hdr\program.hpp">
      <Filter>Header Files</Filter>
    </ClInclude>
    <ClInclude Include="..\..\hdr\random.hpp">
      <Filter>Header Files</Filter>
    </ClInclude>
    <ClInclude Include="..\..\hdr\sim.hpp">
      <Filter>Header Files</Filter>
    </ClInclude>
    <ClInclude Include="..\..\hdr\stats.hpp">
      <Filter>Header Files</Filter>
    </ClInclude>
    <ClInclude Include="..\..\hdr\units.hpp">
      <Filter>Header Files</Filter>
    </ClInclude>
    <ClInclude Include="..\..\hdr\vcuda.hpp">
      <Filter>Header Files</Filter>
    </ClInclude>
    <ClInclude Include="..\..\hdr\vio.hpp">
      <Filter>Header Files</Filter>
    </ClInclude>
    <ClInclude Include="..\..\hdr\vmath.hpp">
      <Filter>Header Files</Filter>
    </ClInclude>
    <ClInclude Include="..\..\hdr\vmpi.hpp">
      <Filter>Header Files</Filter>
    </ClInclude>
    <ClInclude Include="..\..\hdr\voronoi.hpp">
      <Filter>Header Files</Filter>
    </ClInclude>
    <ClInclude Include="src\ltmp\internal.hpp">
      <Filter>Source Files\ltmp</Filter>
    </ClInclude>
    <ClInclude Include="src\qvoronoi\geom.hpp">
      <Filter>Source Files\qvoronoi</Filter>
    </ClInclude>
    <ClInclude Include="src\qvoronoi\io.hpp">
      <Filter>Source Files\qvoronoi</Filter>
    </ClInclude>
    <ClInclude Include="src\qvoronoi\libqhull.hpp">
      <Filter>Source Files\qvoronoi</Filter>
    </ClInclude>
    <ClInclude Include="src\qvoronoi\mem.hpp">
      <Filter>Source Files\qvoronoi</Filter>
    </ClInclude>
    <ClInclude Include="src\qvoronoi\merge.hpp">
      <Filter>Source Files\qvoronoi</Filter>
    </ClInclude>
    <ClInclude Include="src\qvoronoi\poly.hpp">
      <Filter>Source Files\qvoronoi</Filter>
    </ClInclude>
    <ClInclude Include="src\qvoronoi\qhrandom.hpp">
      <Filter>Source Files\qvoronoi</Filter>
    </ClInclude>
    <ClInclude Include="src\qvoronoi\qhull_a.hpp">
      <Filter>Source Files\qvoronoi</Filter>
    </ClInclude>
    <ClInclude Include="src\qvoronoi\qset.hpp">
      <Filter>Source Files\qvoronoi</Filter>
    </ClInclude>
    <ClInclude Include="src\qvoronoi\qvoronoi.hpp">
      <Filter>Source Files\qvoronoi</Filter>
    </ClInclude>
    <ClInclude Include="src\qvoronoi\stat.hpp">
      <Filter>Source Files\qvoronoi</Filter>
    </ClInclude>
    <ClInclude Include="src\qvoronoi\user.hpp">
      <Filter>Source Files\qvoronoi</Filter>
    </ClInclude>
  </ItemGroup>
  <ItemGroup>
    <None Include="src\cuda\LLG_cuda.cu">
      <Filter>Source Files\cuda</Filter>
    </None>
    <None Include="src\qvoronoi\qhull-exports.def">
      <Filter>Source Files\qvoronoi</Filter>
    </None>
  </ItemGroup>
</Project>